<?xml version="1.0" encoding="utf-8"?>
<Project ToolsVersion="4.0" xmlns="http://schemas.microsoft.com/developer/msbuild/2003">
  <ItemGroup>
    <ClCompile Include="src\main.cpp" />
    <ClCompile Include="src\pch.cpp" />
    <ClCompile Include="src\base\r2_Director.cpp">
      <Filter>base</Filter>
    </ClCompile>
    <ClCompile Include="src\base\r2_FrameManager.cpp">
      <Filter>base</Filter>
    </ClCompile>
    <ClCompile Include="src\base\r2_Menu.cpp">
      <Filter>base</Filter>
    </ClCompile>
    <ClCompile Include="src\test\python_basic_test.cpp">
      <Filter>test</Filter>
    </ClCompile>
    <ClCompile Include="src\helper\r2_PythonHelper.cpp">
      <Filter>helper</Filter>
    </ClCompile>
    <ClCompile Include="src\test\python_script_run_test.cpp">
      <Filter>test</Filter>
    </ClCompile>
    <ClCompile Include="src\helper\r2_PythonInstance.cpp">
      <Filter>helper</Filter>
    </ClCompile>
    <ClCompile Include="src\test_python\RootMenu.cpp">
      <Filter>test_python</Filter>
    </ClCompile>
  </ItemGroup>
  <ItemGroup>
    <ClInclude Include="src\pch.h" />
    <ClInclude Include="src\base\r2_Assert.h">
      <Filter>base</Filter>
    </ClInclude>
    <ClInclude Include="src\base\r2_Director.h">
      <Filter>base</Filter>
    </ClInclude>
    <ClInclude Include="src\base\r2_eTestResult.h">
      <Filter>base</Filter>
    </ClInclude>
    <ClInclude Include="src\base\r2_FrameManager.h">
      <Filter>base</Filter>
    </ClInclude>
    <ClInclude Include="src\base\r2_iTest.h">
      <Filter>base</Filter>
    </ClInclude>
    <ClInclude Include="src\base\r2_Menu.h">
      <Filter>base</Filter>
    </ClInclude>
    <ClInclude Include="src\base\r2_Singleton.h">
      <Filter>base</Filter>
    </ClInclude>
    <ClInclude Include="src\test\python_basic_test.h">
      <Filter>test</Filter>
    </ClInclude>
    <ClInclude Include="src\helper\r2_PythonHelper.h">
      <Filter>helper</Filter>
    </ClInclude>
    <ClInclude Include="src\test\python_script_run_test.h">
      <Filter>test</Filter>
    </ClInclude>
    <ClInclude Include="src\helper\r2_PythonInstance.h">
      <Filter>helper</Filter>
    </ClInclude>
    <ClInclude Include="src\test_python\RootMenu.h">
      <Filter>test_python</Filter>
    </ClInclude>
  </ItemGroup>
  <ItemGroup>
    <Filter Include="base">
      <UniqueIdentifier>{10b11794-0701-453a-aff4-abad2c3f4448}</UniqueIdentifier>
    </Filter>
    <Filter Include="test">
      <UniqueIdentifier>{aeee364c-08e0-4950-93ae-30b8fdf18d02}</UniqueIdentifier>
    </Filter>
    <Filter Include="helper">
      <UniqueIdentifier>{b637d093-47d8-4185-bb53-389e14ea55c7}</UniqueIdentifier>
    </Filter>
    <Filter Include="test_python">
      <UniqueIdentifier>{ae85c0d0-09a9-4919-9aa1-79610a03d671}</UniqueIdentifier>
    </Filter>
  </ItemGroup>
</Project>